
Microsoft Visual Studio Solution File, Format Version 12.00
# Visual Studio Version 17
VisualStudioVersion = 17.9.34622.214
MinimumVisualStudioVersion = 10.0.40219.1
Project("{888888A0-9F3D-457C-B088-3A5042F75D52}") = "3NLIDTS-AngelManuel-05_P", "3NLIDTS-AngelManuel-05_P\3NLIDTS-AngelManuel-05_P.pyproj", "{7EF32DBB-CED2-49F0-A16D-FA6E1257719E}"
EndProject
Global
	GlobalSection(SolutionConfigurationPlatforms) = preSolution
		Debug|Any CPU = Debug|Any CPU
		Release|Any CPU = Release|Any CPU
	EndGlobalSection
	GlobalSection(ProjectConfigurationPlatforms) = postSolution
		{7EF32DBB-CED2-49F0-A16D-FA6E1257719E}.Debug|Any CPU.ActiveCfg = Debug|Any CPU
		{7EF32DBB-CED2-49F0-A16D-FA6E1257719E}.Release|Any CPU.ActiveCfg = Release|Any CPU
	EndGlobalSection
	GlobalSection(SolutionProperties) = preSolution
		HideSolutionNode = FALSE
	EndGlobalSection
	GlobalSection(ExtensibilityGlobals) = postSolution
		SolutionGuid = {0F7946C7-B12E-4D95-807D-2687380DA623}
	EndGlobalSection
EndGlobal
